// !$*UTF8*$!
{
	archiveVersion = 1;
	classes = {
	};
	objectVersion = 55;
	objects = {

/* Begin PBXBuildFile section */
		9036672B27B60C6A00BE9ED1 /* AppDelegate.swift in Sources */ = {isa = PBXBuildFile; fileRef = 9036672A27B60C6A00BE9ED1 /* AppDelegate.swift */; };
		9036672D27B60C6A00BE9ED1 /* SceneDelegate.swift in Sources */ = {isa = PBXBuildFile; fileRef = 9036672C27B60C6A00BE9ED1 /* SceneDelegate.swift */; };
		9036673227B60C6A00BE9ED1 /* Main.storyboard in Resources */ = {isa = PBXBuildFile; fileRef = 9036673027B60C6A00BE9ED1 /* Main.storyboard */; };
		9036673427B60C6B00BE9ED1 /* Assets.xcassets in Resources */ = {isa = PBXBuildFile; fileRef = 9036673327B60C6B00BE9ED1 /* Assets.xcassets */; };
		9036673727B60C6B00BE9ED1 /* LaunchScreen.storyboard in Resources */ = {isa = PBXBuildFile; fileRef = 9036673527B60C6B00BE9ED1 /* LaunchScreen.storyboard */; };
		9036674327B60D2B00BE9ED1 /* Todo.swift in Sources */ = {isa = PBXBuildFile; fileRef = 9036674227B60D2B00BE9ED1 /* Todo.swift */; };
		9036674D27B60E6900BE9ED1 /* TodoListVC.swift in Sources */ = {isa = PBXBuildFile; fileRef = 9036674C27B60E6900BE9ED1 /* TodoListVC.swift */; };
		9036675127B6115A00BE9ED1 /* TodoCell.swift in Sources */ = {isa = PBXBuildFile; fileRef = 9036674F27B6115A00BE9ED1 /* TodoCell.swift */; };
		9036675227B6115A00BE9ED1 /* TodoCell.xib in Resources */ = {isa = PBXBuildFile; fileRef = 9036675027B6115A00BE9ED1 /* TodoCell.xib */; };
		9036675527B61C8F00BE9ED1 /* AddTodoVC.swift in Sources */ = {isa = PBXBuildFile; fileRef = 9036675427B61C8F00BE9ED1 /* AddTodoVC.swift */; };
		9059C48A27BB8309001E4848 /* HomeTableVC.swift in Sources */ = {isa = PBXBuildFile; fileRef = 9059C48927BB8309001E4848 /* HomeTableVC.swift */; };
		9059C48E27BB85AA001E4848 /* CategoryCell.swift in Sources */ = {isa = PBXBuildFile; fileRef = 9059C48C27BB85AA001E4848 /* CategoryCell.swift */; };
		9059C48F27BB85AA001E4848 /* CategoryCell.xib in Resources */ = {isa = PBXBuildFile; fileRef = 9059C48D27BB85AA001E4848 /* CategoryCell.xib */; };
		9059C49327BC9CCE001E4848 /* TodoCoreData.xcdatamodeld in Sources */ = {isa = PBXBuildFile; fileRef = 9059C49127BC9CCE001E4848 /* TodoCoreData.xcdatamodeld */; };
		90E5764627C76FF5004CF711 /* codemagic.yaml in Resources */ = {isa = PBXBuildFile; fileRef = 90E5764527C76FF5004CF711 /* codemagic.yaml */; };
/* End PBXBuildFile section */

/* Begin PBXFileReference section */
		9036672727B60C6A00BE9ED1 /* Todo List.app */ = {isa = PBXFileReference; explicitFileType = wrapper.application; includeInIndex = 0; path = "Todo List.app"; sourceTree = BUILT_PRODUCTS_DIR; };
		9036672A27B60C6A00BE9ED1 /* AppDelegate.swift */ = {isa = PBXFileReference; lastKnownFileType = sourcecode.swift; path = AppDelegate.swift; sourceTree = "<group>"; };
		9036672C27B60C6A00BE9ED1 /* SceneDelegate.swift */ = {isa = PBXFileReference; lastKnownFileType = sourcecode.swift; path = SceneDelegate.swift; sourceTree = "<group>"; };
		9036673127B60C6A00BE9ED1 /* Base */ = {isa = PBXFileReference; lastKnownFileType = file.storyboard; name = Base; path = Base.lproj/Main.storyboard; sourceTree = "<group>"; };
		9036673327B60C6B00BE9ED1 /* Assets.xcassets */ = {isa = PBXFileReference; lastKnownFileType = folder.assetcatalog; path = Assets.xcassets; sourceTree = "<group>"; };
		9036673627B60C6B00BE9ED1 /* Base */ = {isa = PBXFileReference; lastKnownFileType = file.storyboard; name = Base; path = Base.lproj/LaunchScreen.storyboard; sourceTree = "<group>"; };
		9036673827B60C6B00BE9ED1 /* Info.plist */ = {isa = PBXFileReference; lastKnownFileType = text.plist.xml; path = Info.plist; sourceTree = "<group>"; };
		9036674227B60D2B00BE9ED1 /* Todo.swift */ = {isa = PBXFileReference; lastKnownFileType = sourcecode.swift; path = Todo.swift; sourceTree = "<group>"; };
		9036674C27B60E6900BE9ED1 /* TodoListVC.swift */ = {isa = PBXFileReference; lastKnownFileType = sourcecode.swift; path = TodoListVC.swift; sourceTree = "<group>"; };
		9036674F27B6115A00BE9ED1 /* TodoCell.swift */ = {isa = PBXFileReference; lastKnownFileType = sourcecode.swift; path = TodoCell.swift; sourceTree = "<group>"; };
		9036675027B6115A00BE9ED1 /* TodoCell.xib */ = {isa = PBXFileReference; lastKnownFileType = file.xib; path = TodoCell.xib; sourceTree = "<group>"; };
		9036675427B61C8F00BE9ED1 /* AddTodoVC.swift */ = {isa = PBXFileReference; lastKnownFileType = sourcecode.swift; path = AddTodoVC.swift; sourceTree = "<group>"; };
		9059C48927BB8309001E4848 /* HomeTableVC.swift */ = {isa = PBXFileReference; lastKnownFileType = sourcecode.swift; path = HomeTableVC.swift; sourceTree = "<group>"; };
		9059C48C27BB85AA001E4848 /* CategoryCell.swift */ = {isa = PBXFileReference; lastKnownFileType = sourcecode.swift; path = CategoryCell.swift; sourceTree = "<group>"; };
		9059C48D27BB85AA001E4848 /* CategoryCell.xib */ = {isa = PBXFileReference; lastKnownFileType = file.xib; path = CategoryCell.xib; sourceTree = "<group>"; };
		9059C49227BC9CCE001E4848 /* Persistence.xcdatamodel */ = {isa = PBXFileReference; lastKnownFileType = wrapper.xcdatamodel; path = Persistence.xcdatamodel; sourceTree = "<group>"; };
		90E5764527C76FF5004CF711 /* codemagic.yaml */ = {isa = PBXFileReference; lastKnownFileType = text.yaml; name = codemagic.yaml; path = ../codemagic.yaml; sourceTree = "<group>"; };
/* End PBXFileReference section */

/* Begin PBXFrameworksBuildPhase section */
		9036672427B60C6A00BE9ED1 /* Frameworks */ = {
			isa = PBXFrameworksBuildPhase;
			buildActionMask = 2147483647;
			files = (
			);
			runOnlyForDeploymentPostprocessing = 0;
		};
/* End PBXFrameworksBuildPhase section */

/* Begin PBXGroup section */
		9036671E27B60C6A00BE9ED1 = {
			isa = PBXGroup;
			children = (
				9036672927B60C6A00BE9ED1 /* Todo List */,
				9036672827B60C6A00BE9ED1 /* Products */,
			);
			sourceTree = "<group>";
		};
		9036672827B60C6A00BE9ED1 /* Products */ = {
			isa = PBXGroup;
			children = (
				9036672727B60C6A00BE9ED1 /* Todo List.app */,
			);
			name = Products;
			sourceTree = "<group>";
		};
		9036672927B60C6A00BE9ED1 /* Todo List */ = {
			isa = PBXGroup;
			children = (
				9059C49027BC9CC2001E4848 /* DB */,
				9036674727B60D7C00BE9ED1 /* Resources */,
				9036674627B60D6100BE9ED1 /* Supporting */,
				9036674527B60D5200BE9ED1 /* CustomControl */,
				9036674427B60D4400BE9ED1 /* Scenes */,
				9036674127B60D1E00BE9ED1 /* Models */,
				90E5764527C76FF5004CF711 /* codemagic.yaml */,
			);
			path = "Todo List";
			sourceTree = "<group>";
		};
		9036674127B60D1E00BE9ED1 /* Models */ = {
			isa = PBXGroup;
			children = (
				9036674227B60D2B00BE9ED1 /* Todo.swift */,
			);
			path = Models;
			sourceTree = "<group>";
		};
		9036674427B60D4400BE9ED1 /* Scenes */ = {
			isa = PBXGroup;
			children = (
				9059C48627BB7F90001E4848 /* Home */,
				9036675327B61C6300BE9ED1 /* AddTodo */,
				9036674927B60E2D00BE9ED1 /* TodoList */,
			);
			path = Scenes;
			sourceTree = "<group>";
		};
		9036674527B60D5200BE9ED1 /* CustomControl */ = {
			isa = PBXGroup;
			children = (
				9059C48B27BB858D001E4848 /* Cell Category */,
				9036674E27B6112800BE9ED1 /* Cell Todo */,
			);
			path = CustomControl;
			sourceTree = "<group>";
		};
		9036674627B60D6100BE9ED1 /* Supporting */ = {
			isa = PBXGroup;
			children = (
				9036673827B60C6B00BE9ED1 /* Info.plist */,
				9036672C27B60C6A00BE9ED1 /* SceneDelegate.swift */,
				9036672A27B60C6A00BE9ED1 /* AppDelegate.swift */,
			);
			path = Supporting;
			sourceTree = "<group>";
		};
		9036674727B60D7C00BE9ED1 /* Resources */ = {
			isa = PBXGroup;
			children = (
				9036673327B60C6B00BE9ED1 /* Assets.xcassets */,
				9036674827B60D8F00BE9ED1 /* Storyboards */,
			);
			path = Resources;
			sourceTree = "<group>";
		};
		9036674827B60D8F00BE9ED1 /* Storyboards */ = {
			isa = PBXGroup;
			children = (
				9036673027B60C6A00BE9ED1 /* Main.storyboard */,
				9036673527B60C6B00BE9ED1 /* LaunchScreen.storyboard */,
			);
			path = Storyboards;
			sourceTree = "<group>";
		};
		9036674927B60E2D00BE9ED1 /* TodoList */ = {
			isa = PBXGroup;
			children = (
				9036674C27B60E6900BE9ED1 /* TodoListVC.swift */,
			);
			path = TodoList;
			sourceTree = "<group>";
		};
		9036674E27B6112800BE9ED1 /* Cell Todo */ = {
			isa = PBXGroup;
			children = (
				9036674F27B6115A00BE9ED1 /* TodoCell.swift */,
				9036675027B6115A00BE9ED1 /* TodoCell.xib */,
			);
			path = "Cell Todo";
			sourceTree = "<group>";
		};
		9036675327B61C6300BE9ED1 /* AddTodo */ = {
			isa = PBXGroup;
			children = (
				9036675427B61C8F00BE9ED1 /* AddTodoVC.swift */,
			);
			path = AddTodo;
			sourceTree = "<group>";
		};
		9059C48627BB7F90001E4848 /* Home */ = {
			isa = PBXGroup;
			children = (
				9059C48927BB8309001E4848 /* HomeTableVC.swift */,
			);
			path = Home;
			sourceTree = "<group>";
		};
		9059C48B27BB858D001E4848 /* Cell Category */ = {
			isa = PBXGroup;
			children = (
				9059C48C27BB85AA001E4848 /* CategoryCell.swift */,
				9059C48D27BB85AA001E4848 /* CategoryCell.xib */,
			);
			path = "Cell Category";
			sourceTree = "<group>";
		};
		9059C49027BC9CC2001E4848 /* DB */ = {
			isa = PBXGroup;
			children = (
				9059C49127BC9CCE001E4848 /* TodoCoreData.xcdatamodeld */,
			);
			path = DB;
			sourceTree = "<group>";
		};
/* End PBXGroup section */

/* Begin PBXNativeTarget section */
		9036672627B60C6A00BE9ED1 /* Todo List */ = {
			isa = PBXNativeTarget;
			buildConfigurationList = 9036673B27B60C6B00BE9ED1 /* Build configuration list for PBXNativeTarget "Todo List" */;
			buildPhases = (
				9036672327B60C6A00BE9ED1 /* Sources */,
				9036672427B60C6A00BE9ED1 /* Frameworks */,
				9036672527B60C6A00BE9ED1 /* Resources */,
			);
			buildRules = (
			);
			dependencies = (
			);
			name = "Todo List";
			productName = "Todo List";
			productReference = 9036672727B60C6A00BE9ED1 /* Todo List.app */;
			productType = "com.apple.product-type.application";
		};
/* End PBXNativeTarget section */

/* Begin PBXProject section */
		9036671F27B60C6A00BE9ED1 /* Project object */ = {
			isa = PBXProject;
			attributes = {
				BuildIndependentTargetsInParallel = 1;
				LastSwiftUpdateCheck = 1320;
				LastUpgradeCheck = 1320;
				TargetAttributes = {
					9036672627B60C6A00BE9ED1 = {
						CreatedOnToolsVersion = 13.2.1;
					};
				};
			};
			buildConfigurationList = 9036672227B60C6A00BE9ED1 /* Build configuration list for PBXProject "Todo List" */;
			compatibilityVersion = "Xcode 13.0";
			developmentRegion = en;
			hasScannedForEncodings = 0;
			knownRegions = (
				en,
				Base,
			);
			mainGroup = 9036671E27B60C6A00BE9ED1;
			productRefGroup = 9036672827B60C6A00BE9ED1 /* Products */;
			projectDirPath = "";
			projectRoot = "";
			targets = (
				9036672627B60C6A00BE9ED1 /* Todo List */,
			);
		};
/* End PBXProject section */

/* Begin PBXResourcesBuildPhase section */
		9036672527B60C6A00BE9ED1 /* Resources */ = {
			isa = PBXResourcesBuildPhase;
			buildActionMask = 2147483647;
			files = (
				9059C48F27BB85AA001E4848 /* CategoryCell.xib in Resources */,
				9036673727B60C6B00BE9ED1 /* LaunchScreen.storyboard in Resources */,
				9036673427B60C6B00BE9ED1 /* Assets.xcassets in Resources */,
				90E5764627C76FF5004CF711 /* codemagic.yaml in Resources */,
				9036673227B60C6A00BE9ED1 /* Main.storyboard in Resources */,
				9036675227B6115A00BE9ED1 /* TodoCell.xib in Resources */,
			);
			runOnlyForDeploymentPostprocessing = 0;
		};
/* End PBXResourcesBuildPhase section */

/* Begin PBXSourcesBuildPhase section */
		9036672327B60C6A00BE9ED1 /* Sources */ = {
			isa = PBXSourcesBuildPhase;
			buildActionMask = 2147483647;
			files = (
				9059C49327BC9CCE001E4848 /* TodoCoreData.xcdatamodeld in Sources */,
				9036675527B61C8F00BE9ED1 /* AddTodoVC.swift in Sources */,
				9036675127B6115A00BE9ED1 /* TodoCell.swift in Sources */,
				9036672B27B60C6A00BE9ED1 /* AppDelegate.swift in Sources */,
				9059C48E27BB85AA001E4848 /* CategoryCell.swift in Sources */,
				9059C48A27BB8309001E4848 /* HomeTableVC.swift in Sources */,
				9036672D27B60C6A00BE9ED1 /* SceneDelegate.swift in Sources */,
				9036674327B60D2B00BE9ED1 /* Todo.swift in Sources */,
				9036674D27B60E6900BE9ED1 /* TodoListVC.swift in Sources */,
			);
			runOnlyForDeploymentPostprocessing = 0;
		};
/* End PBXSourcesBuildPhase section */

/* Begin PBXVariantGroup section */
		9036673027B60C6A00BE9ED1 /* Main.storyboard */ = {
			isa = PBXVariantGroup;
			children = (
				9036673127B60C6A00BE9ED1 /* Base */,
			);
			name = Main.storyboard;
			sourceTree = "<group>";
		};
		9036673527B60C6B00BE9ED1 /* LaunchScreen.storyboard */ = {
			isa = PBXVariantGroup;
			children = (
				9036673627B60C6B00BE9ED1 /* Base */,
			);
			name = LaunchScreen.storyboard;
			sourceTree = "<group>";
		};
/* End PBXVariantGroup section */

/* Begin XCBuildConfiguration section */
		9036673927B60C6B00BE9ED1 /* Debug */ = {
			isa = XCBuildConfiguration;
			buildSettings = {
				ALWAYS_SEARCH_USER_PATHS = NO;
				CLANG_ANALYZER_NONNULL = YES;
				CLANG_ANALYZER_NUMBER_OBJECT_CONVERSION = YES_AGGRESSIVE;
				CLANG_CXX_LANGUAGE_STANDARD = "gnu++17";
				CLANG_CXX_LIBRARY = "libc++";
				CLANG_ENABLE_MODULES = YES;
				CLANG_ENABLE_OBJC_ARC = YES;
				CLANG_ENABLE_OBJC_WEAK = YES;
				CLANG_WARN_BLOCK_CAPTURE_AUTORELEASING = YES;
				CLANG_WARN_BOOL_CONVERSION = YES;
				CLANG_WARN_COMMA = YES;
				CLANG_WARN_CONSTANT_CONVERSION = YES;
				CLANG_WARN_DEPRECATED_OBJC_IMPLEMENTATIONS = YES;
				CLANG_WARN_DIRECT_OBJC_ISA_USAGE = YES_ERROR;
				CLANG_WARN_DOCUMENTATION_COMMENTS = YES;
				CLANG_WARN_EMPTY_BODY = YES;
				CLANG_WARN_ENUM_CONVERSION = YES;
				CLANG_WARN_INFINITE_RECURSION = YES;
				CLANG_WARN_INT_CONVERSION = YES;
				CLANG_WARN_NON_LITERAL_NULL_CONVERSION = YES;
				CLANG_WARN_OBJC_IMPLICIT_RETAIN_SELF = YES;
				CLANG_WARN_OBJC_LITERAL_CONVERSION = YES;
				CLANG_WARN_OBJC_ROOT_CLASS = YES_ERROR;
				CLANG_WARN_QUOTED_INCLUDE_IN_FRAMEWORK_HEADER = YES;
				CLANG_WARN_RANGE_LOOP_ANALYSIS = YES;
				CLANG_WARN_STRICT_PROTOTYPES = YES;
				CLANG_WARN_SUSPICIOUS_MOVE = YES;
				CLANG_WARN_UNGUARDED_AVAILABILITY = YES_AGGRESSIVE;
				CLANG_WARN_UNREACHABLE_CODE = YES;
				CLANG_WARN__DUPLICATE_METHOD_MATCH = YES;
				COPY_PHASE_STRIP = NO;
				DEBUG_INFORMATION_FORMAT = dwarf;
				ENABLE_STRICT_OBJC_MSGSEND = YES;
				ENABLE_TESTABILITY = YES;
				GCC_C_LANGUAGE_STANDARD = gnu11;
				GCC_DYNAMIC_NO_PIC = NO;
				GCC_NO_COMMON_BLOCKS = YES;
				GCC_OPTIMIZATION_LEVEL = 0;
				GCC_PREPROCESSOR_DEFINITIONS = (
					"DEBUG=1",
					"$(inherited)",
				);
				GCC_WARN_64_TO_32_BIT_CONVERSION = YES;
				GCC_WARN_ABOUT_RETURN_TYPE = YES_ERROR;
				GCC_WARN_UNDECLARED_SELECTOR = YES;
				GCC_WARN_UNINITIALIZED_AUTOS = YES_AGGRESSIVE;
				GCC_WARN_UNUSED_FUNCTION = YES;
				GCC_WARN_UNUSED_VARIABLE = YES;
				IPHONEOS_DEPLOYMENT_TARGET = 15.2;
				MTL_ENABLE_DEBUG_INFO = INCLUDE_SOURCE;
				MTL_FAST_MATH = YES;
				ONLY_ACTIVE_ARCH = YES;
				SDKROOT = iphoneos;
				SWIFT_ACTIVE_COMPILATION_CONDITIONS = DEBUG;
				SWIFT_OPTIMIZATION_LEVEL = "-Onone";
			};
			name = Debug;
		};
		9036673A27B60C6B00BE9ED1 /* Release */ = {
			isa = XCBuildConfiguration;
			buildSettings = {
				ALWAYS_SEARCH_USER_PATHS = NO;
				CLANG_ANALYZER_NONNULL = YES;
				CLANG_ANALYZER_NUMBER_OBJECT_CONVERSION = YES_AGGRESSIVE;
				CLANG_CXX_LANGUAGE_STANDARD = "gnu++17";
				CLANG_CXX_LIBRARY = "libc++";
				CLANG_ENABLE_MODULES = YES;
				CLANG_ENABLE_OBJC_ARC = YES;
				CLANG_ENABLE_OBJC_WEAK = YES;
				CLANG_WARN_BLOCK_CAPTURE_AUTORELEASING = YES;
				CLANG_WARN_BOOL_CONVERSION = YES;
				CLANG_WARN_COMMA = YES;
				CLANG_WARN_CONSTANT_CONVERSION = YES;
				CLANG_WARN_DEPRECATED_OBJC_IMPLEMENTATIONS = YES;
				CLANG_WARN_DIRECT_OBJC_ISA_USAGE = YES_ERROR;
				CLANG_WARN_DOCUMENTATION_COMMENTS = YES;
				CLANG_WARN_EMPTY_BODY = YES;
				CLANG_WARN_ENUM_CONVERSION = YES;
				CLANG_WARN_INFINITE_RECURSION = YES;
				CLANG_WARN_INT_CONVERSION = YES;
				CLANG_WARN_NON_LITERAL_NULL_CONVERSION = YES;
				CLANG_WARN_OBJC_IMPLICIT_RETAIN_SELF = YES;
				CLANG_WARN_OBJC_LITERAL_CONVERSION = YES;
				CLANG_WARN_OBJC_ROOT_CLASS = YES_ERROR;
				CLANG_WARN_QUOTED_INCLUDE_IN_FRAMEWORK_HEADER = YES;
				CLANG_WARN_RANGE_LOOP_ANALYSIS = YES;
				CLANG_WARN_STRICT_PROTOTYPES = YES;
				CLANG_WARN_SUSPICIOUS_MOVE = YES;
				CLANG_WARN_UNGUARDED_AVAILABILITY = YES_AGGRESSIVE;
				CLANG_WARN_UNREACHABLE_CODE = YES;
				CLANG_WARN__DUPLICATE_METHOD_MATCH = YES;
				COPY_PHASE_STRIP = NO;
				DEBUG_INFORMATION_FORMAT = "dwarf-with-dsym";
				ENABLE_NS_ASSERTIONS = NO;
				ENABLE_STRICT_OBJC_MSGSEND = YES;
				GCC_C_LANGUAGE_STANDARD = gnu11;
				GCC_NO_COMMON_BLOCKS = YES;
				GCC_WARN_64_TO_32_BIT_CONVERSION = YES;
				GCC_WARN_ABOUT_RETURN_TYPE = YES_ERROR;
				GCC_WARN_UNDECLARED_SELECTOR = YES;
				GCC_WARN_UNINITIALIZED_AUTOS = YES_AGGRESSIVE;
				GCC_WARN_UNUSED_FUNCTION = YES;
				GCC_WARN_UNUSED_VARIABLE = YES;
				IPHONEOS_DEPLOYMENT_TARGET = 15.2;
				MTL_ENABLE_DEBUG_INFO = NO;
				MTL_FAST_MATH = YES;
				SDKROOT = iphoneos;
				SWIFT_COMPILATION_MODE = wholemodule;
				SWIFT_OPTIMIZATION_LEVEL = "-O";
				VALIDATE_PRODUCT = YES;
			};
			name = Release;
		};
		9036673C27B60C6B00BE9ED1 /* Debug */ = {
			isa = XCBuildConfiguration;
			buildSettings = {
				ASSETCATALOG_COMPILER_APPICON_NAME = AppIcon;
				ASSETCATALOG_COMPILER_GLOBAL_ACCENT_COLOR_NAME = AccentColor;
				CODE_SIGN_STYLE = Automatic;
				CURRENT_PROJECT_VERSION = 1;
				DEVELOPMENT_TEAM = LXV9S582D2;
				GENERATE_INFOPLIST_FILE = YES;
				INFOPLIST_FILE = "Todo List/Supporting/Info.plist";
				INFOPLIST_KEY_UIApplicationSupportsIndirectInputEvents = YES;
				INFOPLIST_KEY_UILaunchStoryboardName = LaunchScreen;
				INFOPLIST_KEY_UIMainStoryboardFile = Main;
				INFOPLIST_KEY_UISupportedInterfaceOrientations_iPad = "UIInterfaceOrientationPortrait UIInterfaceOrientationPortraitUpsideDown UIInterfaceOrientationLandscapeLeft UIInterfaceOrientationLandscapeRight";
				INFOPLIST_KEY_UISupportedInterfaceOrientations_iPhone = "UIInterfaceOrientationPortrait UIInterfaceOrientationLandscapeLeft UIInterfaceOrientationLandscapeRight";
				LD_RUNPATH_SEARCH_PATHS = (
					"$(inherited)",
					"@executable_path/Frameworks",
				);
				MARKETING_VERSION = 1.0;
				PRODUCT_BUNDLE_IDENTIFIER = "trizn.Todo-List";
				PRODUCT_NAME = "$(TARGET_NAME)";
				SWIFT_EMIT_LOC_STRINGS = YES;
				SWIFT_VERSION = 5.0;
				TARGETED_DEVICE_FAMILY = "1,2";
			};
			name = Debug;
		};
		9036673D27B60C6B00BE9ED1 /* Release */ = {
			isa = XCBuildConfiguration;
			buildSettings = {
				ASSETCATALOG_COMPILER_APPICON_NAME = AppIcon;
				ASSETCATALOG_COMPILER_GLOBAL_ACCENT_COLOR_NAME = AccentColor;
				CODE_SIGN_STYLE = Automatic;
				CURRENT_PROJECT_VERSION = 1;
				DEVELOPMENT_TEAM = LXV9S582D2;
				GENERATE_INFOPLIST_FILE = YES;
				INFOPLIST_FILE = "Todo List/Supporting/Info.plist";
				INFOPLIST_KEY_UIApplicationSupportsIndirectInputEvents = YES;
				INFOPLIST_KEY_UILaunchStoryboardName = LaunchScreen;
				INFOPLIST_KEY_UIMainStoryboardFile = Main;
				INFOPLIST_KEY_UISupportedInterfaceOrientations_iPad = "UIInterfaceOrientationPortrait UIInterfaceOrientationPortraitUpsideDown UIInterfaceOrientationLandscapeLeft UIInterfaceOrientationLandscapeRight";
				INFOPLIST_KEY_UISupportedInterfaceOrientations_iPhone = "UIInterfaceOrientationPortrait UIInterfaceOrientationLandscapeLeft UIInterfaceOrientationLandscapeRight";
				LD_RUNPATH_SEARCH_PATHS = (
					"$(inherited)",
					"@executable_path/Frameworks",
				);
				MARKETING_VERSION = 1.0;
				PRODUCT_BUNDLE_IDENTIFIER = "trizn.Todo-List";
				PRODUCT_NAME = "$(TARGET_NAME)";
				SWIFT_EMIT_LOC_STRINGS = YES;
				SWIFT_VERSION = 5.0;
				TARGETED_DEVICE_FAMILY = "1,2";
			};
			name = Release;
		};
/* End XCBuildConfiguration section */

/* Begin XCConfigurationList section */
		9036672227B60C6A00BE9ED1 /* Build configuration list for PBXProject "Todo List" */ = {
			isa = XCConfigurationList;
			buildConfigurations = (
				9036673927B60C6B00BE9ED1 /* Debug */,
				9036673A27B60C6B00BE9ED1 /* Release */,
			);
			defaultConfigurationIsVisible = 0;
			defaultConfigurationName = Release;
		};
		9036673B27B60C6B00BE9ED1 /* Build configuration list for PBXNativeTarget "Todo List" */ = {
			isa = XCConfigurationList;
			buildConfigurations = (
				9036673C27B60C6B00BE9ED1 /* Debug */,
				9036673D27B60C6B00BE9ED1 /* Release */,
			);
			defaultConfigurationIsVisible = 0;
			defaultConfigurationName = Release;
		};
/* End XCConfigurationList section */

/* Begin XCVersionGroup section */
		9059C49127BC9CCE001E4848 /* TodoCoreData.xcdatamodeld */ = {
			isa = XCVersionGroup;
			children = (
				9059C49227BC9CCE001E4848 /* Persistence.xcdatamodel */,
			);
			currentVersion = 9059C49227BC9CCE001E4848 /* Persistence.xcdatamodel */;
			path = TodoCoreData.xcdatamodeld;
			sourceTree = "<group>";
			versionGroupType = wrapper.xcdatamodel;
		};
/* End XCVersionGroup section */
	};
	rootObject = 9036671F27B60C6A00BE9ED1 /* Project object */;
}
